// !$*UTF8*$!
{
	archiveVersion = 1;
	classes = {
	};
	objectVersion = 50;
	objects = {

/* Begin PBXBuildFile section */
		8410BB942241EB8700A7D073 /* AppDelegate.swift in Sources */ = {isa = PBXBuildFile; fileRef = 8410BB932241EB8700A7D073 /* AppDelegate.swift */; };
		8410BB962241EB8700A7D073 /* ViewController.swift in Sources */ = {isa = PBXBuildFile; fileRef = 8410BB952241EB8700A7D073 /* ViewController.swift */; };
		8410BB992241EB8700A7D073 /* Main.storyboard in Resources */ = {isa = PBXBuildFile; fileRef = 8410BB972241EB8700A7D073 /* Main.storyboard */; };
		8410BB9B2241EB8900A7D073 /* Assets.xcassets in Resources */ = {isa = PBXBuildFile; fileRef = 8410BB9A2241EB8900A7D073 /* Assets.xcassets */; };
		8410BB9E2241EB8900A7D073 /* LaunchScreen.storyboard in Resources */ = {isa = PBXBuildFile; fileRef = 8410BB9C2241EB8900A7D073 /* LaunchScreen.storyboard */; };
		8410BBA62241ED9800A7D073 /* GitHubProfileTableViewCell.swift in Sources */ = {isa = PBXBuildFile; fileRef = 8410BBA52241ED9800A7D073 /* GitHubProfileTableViewCell.swift */; };
		846E204B22435357005DDFE4 /* RequestService.swift in Sources */ = {isa = PBXBuildFile; fileRef = 846E204A22435357005DDFE4 /* RequestService.swift */; };
		846E204D224354ED005DDFE4 /* GitHubModelForNetwork.swift in Sources */ = {isa = PBXBuildFile; fileRef = 846E204C224354ED005DDFE4 /* GitHubModelForNetwork.swift */; };
		846E204F2243A28D005DDFE4 /* NetworkManager.swift in Sources */ = {isa = PBXBuildFile; fileRef = 846E204E2243A28D005DDFE4 /* NetworkManager.swift */; };
		846E20512243C7BF005DDFE4 /* GithubModel.swift in Sources */ = {isa = PBXBuildFile; fileRef = 846E20502243C7BF005DDFE4 /* GithubModel.swift */; };
		846E205322448650005DDFE4 /* ImageNetworkManager.swift in Sources */ = {isa = PBXBuildFile; fileRef = 846E20522244864F005DDFE4 /* ImageNetworkManager.swift */; };
		846E205922449114005DDFE4 /* BaseURL.swift in Sources */ = {isa = PBXBuildFile; fileRef = 846E205822449114005DDFE4 /* BaseURL.swift */; };
		846E205B224496CF005DDFE4 /* UserInfoForNetwork.swift in Sources */ = {isa = PBXBuildFile; fileRef = 846E205A224496CF005DDFE4 /* UserInfoForNetwork.swift */; };
/* End PBXBuildFile section */

/* Begin PBXFileReference section */
		8410BB902241EB8700A7D073 /* riiid_homework.app */ = {isa = PBXFileReference; explicitFileType = wrapper.application; includeInIndex = 0; path = riiid_homework.app; sourceTree = BUILT_PRODUCTS_DIR; };
		8410BB932241EB8700A7D073 /* AppDelegate.swift */ = {isa = PBXFileReference; lastKnownFileType = sourcecode.swift; path = AppDelegate.swift; sourceTree = "<group>"; };
		8410BB952241EB8700A7D073 /* ViewController.swift */ = {isa = PBXFileReference; lastKnownFileType = sourcecode.swift; path = ViewController.swift; sourceTree = "<group>"; };
		8410BB982241EB8700A7D073 /* Base */ = {isa = PBXFileReference; lastKnownFileType = file.storyboard; name = Base; path = Base.lproj/Main.storyboard; sourceTree = "<group>"; };
		8410BB9A2241EB8900A7D073 /* Assets.xcassets */ = {isa = PBXFileReference; lastKnownFileType = folder.assetcatalog; path = Assets.xcassets; sourceTree = "<group>"; };
		8410BB9D2241EB8900A7D073 /* Base */ = {isa = PBXFileReference; lastKnownFileType = file.storyboard; name = Base; path = Base.lproj/LaunchScreen.storyboard; sourceTree = "<group>"; };
		8410BB9F2241EB8900A7D073 /* Info.plist */ = {isa = PBXFileReference; lastKnownFileType = text.plist.xml; path = Info.plist; sourceTree = "<group>"; };
		8410BBA52241ED9800A7D073 /* GitHubProfileTableViewCell.swift */ = {isa = PBXFileReference; lastKnownFileType = sourcecode.swift; path = GitHubProfileTableViewCell.swift; sourceTree = "<group>"; };
		846E204A22435357005DDFE4 /* RequestService.swift */ = {isa = PBXFileReference; lastKnownFileType = sourcecode.swift; path = RequestService.swift; sourceTree = "<group>"; };
		846E204C224354ED005DDFE4 /* GitHubModelForNetwork.swift */ = {isa = PBXFileReference; lastKnownFileType = sourcecode.swift; path = GitHubModelForNetwork.swift; sourceTree = "<group>"; };
		846E204E2243A28D005DDFE4 /* NetworkManager.swift */ = {isa = PBXFileReference; lastKnownFileType = sourcecode.swift; path = NetworkManager.swift; sourceTree = "<group>"; };
		846E20502243C7BF005DDFE4 /* GithubModel.swift */ = {isa = PBXFileReference; lastKnownFileType = sourcecode.swift; path = GithubModel.swift; sourceTree = "<group>"; };
		846E20522244864F005DDFE4 /* ImageNetworkManager.swift */ = {isa = PBXFileReference; lastKnownFileType = sourcecode.swift; path = ImageNetworkManager.swift; sourceTree = "<group>"; };
		846E205822449114005DDFE4 /* BaseURL.swift */ = {isa = PBXFileReference; lastKnownFileType = sourcecode.swift; path = BaseURL.swift; sourceTree = "<group>"; };
		846E205A224496CF005DDFE4 /* UserInfoForNetwork.swift */ = {isa = PBXFileReference; lastKnownFileType = sourcecode.swift; path = UserInfoForNetwork.swift; sourceTree = "<group>"; };
/* End PBXFileReference section */

/* Begin PBXFrameworksBuildPhase section */
		8410BB8D2241EB8700A7D073 /* Frameworks */ = {
			isa = PBXFrameworksBuildPhase;
			buildActionMask = 2147483647;
			files = (
			);
			runOnlyForDeploymentPostprocessing = 0;
		};
/* End PBXFrameworksBuildPhase section */

/* Begin PBXGroup section */
		8410BB872241EB8700A7D073 = {
			isa = PBXGroup;
			children = (
				8410BB922241EB8700A7D073 /* riiid_homework */,
				8410BB912241EB8700A7D073 /* Products */,
			);
			sourceTree = "<group>";
		};
		8410BB912241EB8700A7D073 /* Products */ = {
			isa = PBXGroup;
			children = (
				8410BB902241EB8700A7D073 /* riiid_homework.app */,
			);
			name = Products;
			sourceTree = "<group>";
		};
		8410BB922241EB8700A7D073 /* riiid_homework */ = {
			isa = PBXGroup;
			children = (
				846E205722448F9A005DDFE4 /* Controller */,
				846E205622448F7B005DDFE4 /* View */,
				846E205522448F4B005DDFE4 /* Network */,
				846E205422448F3D005DDFE4 /* Model */,
				8410BB972241EB8700A7D073 /* Main.storyboard */,
				8410BB9A2241EB8900A7D073 /* Assets.xcassets */,
				8410BB932241EB8700A7D073 /* AppDelegate.swift */,
				846E204A22435357005DDFE4 /* RequestService.swift */,
				8410BB9C2241EB8900A7D073 /* LaunchScreen.storyboard */,
				8410BB9F2241EB8900A7D073 /* Info.plist */,
			);
			path = riiid_homework;
			sourceTree = "<group>";
		};
		846E205422448F3D005DDFE4 /* Model */ = {
			isa = PBXGroup;
			children = (
				846E204C224354ED005DDFE4 /* GitHubModelForNetwork.swift */,
				846E20502243C7BF005DDFE4 /* GithubModel.swift */,
				846E205A224496CF005DDFE4 /* UserInfoForNetwork.swift */,
			);
			path = Model;
			sourceTree = "<group>";
		};
		846E205522448F4B005DDFE4 /* Network */ = {
			isa = PBXGroup;
			children = (
				846E204E2243A28D005DDFE4 /* NetworkManager.swift */,
				846E20522244864F005DDFE4 /* ImageNetworkManager.swift */,
				846E205822449114005DDFE4 /* BaseURL.swift */,
			);
			path = Network;
			sourceTree = "<group>";
		};
		846E205622448F7B005DDFE4 /* View */ = {
			isa = PBXGroup;
			children = (
				8410BBA52241ED9800A7D073 /* GitHubProfileTableViewCell.swift */,
			);
			path = View;
			sourceTree = "<group>";
		};
		846E205722448F9A005DDFE4 /* Controller */ = {
			isa = PBXGroup;
			children = (
				8410BB952241EB8700A7D073 /* ViewController.swift */,
			);
			path = Controller;
			sourceTree = "<group>";
		};
/* End PBXGroup section */

/* Begin PBXNativeTarget section */
		8410BB8F2241EB8700A7D073 /* riiid_homework */ = {
			isa = PBXNativeTarget;
			buildConfigurationList = 8410BBA22241EB8900A7D073 /* Build configuration list for PBXNativeTarget "riiid_homework" */;
			buildPhases = (
				8410BB8C2241EB8700A7D073 /* Sources */,
				8410BB8D2241EB8700A7D073 /* Frameworks */,
				8410BB8E2241EB8700A7D073 /* Resources */,
			);
			buildRules = (
			);
			dependencies = (
			);
			name = riiid_homework;
			productName = riiid_homework;
			productReference = 8410BB902241EB8700A7D073 /* riiid_homework.app */;
			productType = "com.apple.product-type.application";
		};
/* End PBXNativeTarget section */

/* Begin PBXProject section */
		8410BB882241EB8700A7D073 /* Project object */ = {
			isa = PBXProject;
			attributes = {
				LastSwiftUpdateCheck = 1010;
				LastUpgradeCheck = 1010;
				ORGANIZATIONNAME = wndzlf;
				TargetAttributes = {
					8410BB8F2241EB8700A7D073 = {
						CreatedOnToolsVersion = 10.1;
					};
				};
			};
			buildConfigurationList = 8410BB8B2241EB8700A7D073 /* Build configuration list for PBXProject "riiid_homework" */;
			compatibilityVersion = "Xcode 9.3";
			developmentRegion = en;
			hasScannedForEncodings = 0;
			knownRegions = (
				en,
				Base,
			);
			mainGroup = 8410BB872241EB8700A7D073;
			productRefGroup = 8410BB912241EB8700A7D073 /* Products */;
			projectDirPath = "";
			projectRoot = "";
			targets = (
				8410BB8F2241EB8700A7D073 /* riiid_homework */,
			);
		};
/* End PBXProject section */

/* Begin PBXResourcesBuildPhase section */
		8410BB8E2241EB8700A7D073 /* Resources */ = {
			isa = PBXResourcesBuildPhase;
			buildActionMask = 2147483647;
			files = (
				8410BB9E2241EB8900A7D073 /* LaunchScreen.storyboard in Resources */,
				8410BB9B2241EB8900A7D073 /* Assets.xcassets in Resources */,
				8410BB992241EB8700A7D073 /* Main.storyboard in Resources */,
			);
			runOnlyForDeploymentPostprocessing = 0;
		};
/* End PBXResourcesBuildPhase section */

/* Begin PBXSourcesBuildPhase section */
		8410BB8C2241EB8700A7D073 /* Sources */ = {
			isa = PBXSourcesBuildPhase;
			buildActionMask = 2147483647;
			files = (
				846E204F2243A28D005DDFE4 /* NetworkManager.swift in Sources */,
				846E204D224354ED005DDFE4 /* GitHubModelForNetwork.swift in Sources */,
				8410BB962241EB8700A7D073 /* ViewController.swift in Sources */,
				846E205922449114005DDFE4 /* BaseURL.swift in Sources */,
				846E204B22435357005DDFE4 /* RequestService.swift in Sources */,
				846E205322448650005DDFE4 /* ImageNetworkManager.swift in Sources */,
				846E20512243C7BF005DDFE4 /* GithubModel.swift in Sources */,
				8410BBA62241ED9800A7D073 /* GitHubProfileTableViewCell.swift in Sources */,
				846E205B224496CF005DDFE4 /* UserInfoForNetwork.swift in Sources */,
				8410BB942241EB8700A7D073 /* AppDelegate.swift in Sources */,
			);
			runOnlyForDeploymentPostprocessing = 0;
		};
/* End PBXSourcesBuildPhase section */

/* Begin PBXVariantGroup section */
		8410BB972241EB8700A7D073 /* Main.storyboard */ = {
			isa = PBXVariantGroup;
			children = (
				8410BB982241EB8700A7D073 /* Base */,
			);
			name = Main.storyboard;
			sourceTree = "<group>";
		};
		8410BB9C2241EB8900A7D073 /* LaunchScreen.storyboard */ = {
			isa = PBXVariantGroup;
			children = (
				8410BB9D2241EB8900A7D073 /* Base */,
			);
			name = LaunchScreen.storyboard;
			sourceTree = "<group>";
		};
/* End PBXVariantGroup section */

/* Begin XCBuildConfiguration section */
		8410BBA02241EB8900A7D073 /* Debug */ = {
			isa = XCBuildConfiguration;
			buildSettings = {
				ALWAYS_SEARCH_USER_PATHS = NO;
				CLANG_ANALYZER_NONNULL = YES;
				CLANG_ANALYZER_NUMBER_OBJECT_CONVERSION = YES_AGGRESSIVE;
				CLANG_CXX_LANGUAGE_STANDARD = "gnu++14";
				CLANG_CXX_LIBRARY = "libc++";
				CLANG_ENABLE_MODULES = YES;
				CLANG_ENABLE_OBJC_ARC = YES;
				CLANG_ENABLE_OBJC_WEAK = YES;
				CLANG_WARN_BLOCK_CAPTURE_AUTORELEASING = YES;
				CLANG_WARN_BOOL_CONVERSION = YES;
				CLANG_WARN_COMMA = YES;
				CLANG_WARN_CONSTANT_CONVERSION = YES;
				CLANG_WARN_DEPRECATED_OBJC_IMPLEMENTATIONS = YES;
				CLANG_WARN_DIRECT_OBJC_ISA_USAGE = YES_ERROR;
				CLANG_WARN_DOCUMENTATION_COMMENTS = YES;
				CLANG_WARN_EMPTY_BODY = YES;
				CLANG_WARN_ENUM_CONVERSION = YES;
				CLANG_WARN_INFINITE_RECURSION = YES;
				CLANG_WARN_INT_CONVERSION = YES;
				CLANG_WARN_NON_LITERAL_NULL_CONVERSION = YES;
				CLANG_WARN_OBJC_IMPLICIT_RETAIN_SELF = YES;
				CLANG_WARN_OBJC_LITERAL_CONVERSION = YES;
				CLANG_WARN_OBJC_ROOT_CLASS = YES_ERROR;
				CLANG_WARN_RANGE_LOOP_ANALYSIS = YES;
				CLANG_WARN_STRICT_PROTOTYPES = YES;
				CLANG_WARN_SUSPICIOUS_MOVE = YES;
				CLANG_WARN_UNGUARDED_AVAILABILITY = YES_AGGRESSIVE;
				CLANG_WARN_UNREACHABLE_CODE = YES;
				CLANG_WARN__DUPLICATE_METHOD_MATCH = YES;
				CODE_SIGN_IDENTITY = "iPhone Developer";
				COPY_PHASE_STRIP = NO;
				DEBUG_INFORMATION_FORMAT = dwarf;
				ENABLE_STRICT_OBJC_MSGSEND = YES;
				ENABLE_TESTABILITY = YES;
				GCC_C_LANGUAGE_STANDARD = gnu11;
				GCC_DYNAMIC_NO_PIC = NO;
				GCC_NO_COMMON_BLOCKS = YES;
				GCC_OPTIMIZATION_LEVEL = 0;
				GCC_PREPROCESSOR_DEFINITIONS = (
					"DEBUG=1",
					"$(inherited)",
				);
				GCC_WARN_64_TO_32_BIT_CONVERSION = YES;
				GCC_WARN_ABOUT_RETURN_TYPE = YES_ERROR;
				GCC_WARN_UNDECLARED_SELECTOR = YES;
				GCC_WARN_UNINITIALIZED_AUTOS = YES_AGGRESSIVE;
				GCC_WARN_UNUSED_FUNCTION = YES;
				GCC_WARN_UNUSED_VARIABLE = YES;
				IPHONEOS_DEPLOYMENT_TARGET = 12.1;
				MTL_ENABLE_DEBUG_INFO = INCLUDE_SOURCE;
				MTL_FAST_MATH = YES;
				ONLY_ACTIVE_ARCH = YES;
				SDKROOT = iphoneos;
				SWIFT_ACTIVE_COMPILATION_CONDITIONS = DEBUG;
				SWIFT_OPTIMIZATION_LEVEL = "-Onone";
			};
			name = Debug;
		};
		8410BBA12241EB8900A7D073 /* Release */ = {
			isa = XCBuildConfiguration;
			buildSettings = {
				ALWAYS_SEARCH_USER_PATHS = NO;
				CLANG_ANALYZER_NONNULL = YES;
				CLANG_ANALYZER_NUMBER_OBJECT_CONVERSION = YES_AGGRESSIVE;
				CLANG_CXX_LANGUAGE_STANDARD = "gnu++14";
				CLANG_CXX_LIBRARY = "libc++";
				CLANG_ENABLE_MODULES = YES;
				CLANG_ENABLE_OBJC_ARC = YES;
				CLANG_ENABLE_OBJC_WEAK = YES;
				CLANG_WARN_BLOCK_CAPTURE_AUTORELEASING = YES;
				CLANG_WARN_BOOL_CONVERSION = YES;
				CLANG_WARN_COMMA = YES;
				CLANG_WARN_CONSTANT_CONVERSION = YES;
				CLANG_WARN_DEPRECATED_OBJC_IMPLEMENTATIONS = YES;
				CLANG_WARN_DIRECT_OBJC_ISA_USAGE = YES_ERROR;
				CLANG_WARN_DOCUMENTATION_COMMENTS = YES;
				CLANG_WARN_EMPTY_BODY = YES;
				CLANG_WARN_ENUM_CONVERSION = YES;
				CLANG_WARN_INFINITE_RECURSION = YES;
				CLANG_WARN_INT_CONVERSION = YES;
				CLANG_WARN_NON_LITERAL_NULL_CONVERSION = YES;
				CLANG_WARN_OBJC_IMPLICIT_RETAIN_SELF = YES;
				CLANG_WARN_OBJC_LITERAL_CONVERSION = YES;
				CLANG_WARN_OBJC_ROOT_CLASS = YES_ERROR;
				CLANG_WARN_RANGE_LOOP_ANALYSIS = YES;
				CLANG_WARN_STRICT_PROTOTYPES = YES;
				CLANG_WARN_SUSPICIOUS_MOVE = YES;
				CLANG_WARN_UNGUARDED_AVAILABILITY = YES_AGGRESSIVE;
				CLANG_WARN_UNREACHABLE_CODE = YES;
				CLANG_WARN__DUPLICATE_METHOD_MATCH = YES;
				CODE_SIGN_IDENTITY = "iPhone Developer";
				COPY_PHASE_STRIP = NO;
				DEBUG_INFORMATION_FORMAT = "dwarf-with-dsym";
				ENABLE_NS_ASSERTIONS = NO;
				ENABLE_STRICT_OBJC_MSGSEND = YES;
				GCC_C_LANGUAGE_STANDARD = gnu11;
				GCC_NO_COMMON_BLOCKS = YES;
				GCC_WARN_64_TO_32_BIT_CONVERSION = YES;
				GCC_WARN_ABOUT_RETURN_TYPE = YES_ERROR;
				GCC_WARN_UNDECLARED_SELECTOR = YES;
				GCC_WARN_UNINITIALIZED_AUTOS = YES_AGGRESSIVE;
				GCC_WARN_UNUSED_FUNCTION = YES;
				GCC_WARN_UNUSED_VARIABLE = YES;
				IPHONEOS_DEPLOYMENT_TARGET = 12.1;
				MTL_ENABLE_DEBUG_INFO = NO;
				MTL_FAST_MATH = YES;
				SDKROOT = iphoneos;
				SWIFT_COMPILATION_MODE = wholemodule;
				SWIFT_OPTIMIZATION_LEVEL = "-O";
				VALIDATE_PRODUCT = YES;
			};
			name = Release;
		};
		8410BBA32241EB8900A7D073 /* Debug */ = {
			isa = XCBuildConfiguration;
			buildSettings = {
				ASSETCATALOG_COMPILER_APPICON_NAME = AppIcon;
				CODE_SIGN_STYLE = Automatic;
				DEVELOPMENT_TEAM = 6958JMS7R4;
				INFOPLIST_FILE = riiid_homework/Info.plist;
				LD_RUNPATH_SEARCH_PATHS = (
					"$(inherited)",
					"@executable_path/Frameworks",
				);
				PRODUCT_BUNDLE_IDENTIFIER = "com.wndzlf.riiid-homework";
				PRODUCT_NAME = "$(TARGET_NAME)";
				SWIFT_VERSION = 4.2;
				TARGETED_DEVICE_FAMILY = "1,2";
			};
			name = Debug;
		};
		8410BBA42241EB8900A7D073 /* Release */ = {
			isa = XCBuildConfiguration;
			buildSettings = {
				ASSETCATALOG_COMPILER_APPICON_NAME = AppIcon;
				CODE_SIGN_STYLE = Automatic;
				DEVELOPMENT_TEAM = 6958JMS7R4;
				INFOPLIST_FILE = riiid_homework/Info.plist;
				LD_RUNPATH_SEARCH_PATHS = (
					"$(inherited)",
					"@executable_path/Frameworks",
				);
				PRODUCT_BUNDLE_IDENTIFIER = "com.wndzlf.riiid-homework";
				PRODUCT_NAME = "$(TARGET_NAME)";
				SWIFT_VERSION = 4.2;
				TARGETED_DEVICE_FAMILY = "1,2";
			};
			name = Release;
		};
/* End XCBuildConfiguration section */

/* Begin XCConfigurationList section */
		8410BB8B2241EB8700A7D073 /* Build configuration list for PBXProject "riiid_homework" */ = {
			isa = XCConfigurationList;
			buildConfigurations = (
				8410BBA02241EB8900A7D073 /* Debug */,
				8410BBA12241EB8900A7D073 /* Release */,
			);
			defaultConfigurationIsVisible = 0;
			defaultConfigurationName = Release;
		};
		8410BBA22241EB8900A7D073 /* Build configuration list for PBXNativeTarget "riiid_homework" */ = {
			isa = XCConfigurationList;
			buildConfigurations = (
				8410BBA32241EB8900A7D073 /* Debug */,
				8410BBA42241EB8900A7D073 /* Release */,
			);
			defaultConfigurationIsVisible = 0;
			defaultConfigurationName = Release;
		};
/* End XCConfigurationList section */
	};
	rootObject = 8410BB882241EB8700A7D073 /* Project object */;
}
